
Microsoft Visual Studio Solution File, Format Version 12.00
# Visual Studio Version 16
VisualStudioVersion = 16.0.31624.102
MinimumVisualStudioVersion = 10.0.40219.1
Project("{FAE04EC0-301F-11D3-BF4B-00C04F79EFBC}") = "SimpleCalculator", "SimpleCalculator\SimpleCalculator.csproj", "{DDCF9670-5476-442F-8873-C27EADD483C6}"
EndProject
Global
	GlobalSection(SolutionConfigurationPlatforms) = preSolution
		Debug|Any CPU = Debug|Any CPU
		Release|Any CPU = Release|Any CPU
	EndGlobalSection
	GlobalSection(ProjectConfigurationPlatforms) = postSolution
		{DDCF9670-5476-442F-8873-C27EADD483C6}.Debug|Any CPU.ActiveCfg = Debug|Any CPU
		{DDCF9670-5476-442F-8873-C27EADD483C6}.Debug|Any CPU.Build.0 = Debug|Any CPU
		{DDCF9670-5476-442F-8873-C27EADD483C6}.Release|Any CPU.ActiveCfg = Release|Any CPU
		{DDCF9670-5476-442F-8873-C27EADD483C6}.Release|Any CPU.Build.0 = Release|Any CPU
	EndGlobalSection
	GlobalSection(SolutionProperties) = preSolution
		HideSolutionNode = FALSE
	EndGlobalSection
	GlobalSection(ExtensibilityGlobals) = postSolution
		SolutionGuid = {767660FE-1846-4329-BE09-7606FDF4C178}
	EndGlobalSection
EndGlobal
